
Microsoft Visual Studio Solution File, Format Version 12.00
# Visual Studio Version 17
VisualStudioVersion = 17.14.36616.10 d17.14
MinimumVisualStudioVersion = 10.0.40219.1
Project("{FAE04EC0-301F-11D3-BF4B-00C04F79EFBC}") = "Stage0", "Stage0\Stage0.csproj", "{48D60685-46A0-4859-9B70-702D6EB02433}"
EndProject
Global
	GlobalSection(SolutionConfigurationPlatforms) = preSolution
		Debug|Any CPU = Debug|Any CPU
		Release|Any CPU = Release|Any CPU
	EndGlobalSection
	GlobalSection(ProjectConfigurationPlatforms) = postSolution
		{48D60685-46A0-4859-9B70-702D6EB02433}.Debug|Any CPU.ActiveCfg = Debug|Any CPU
		{48D60685-46A0-4859-9B70-702D6EB02433}.Debug|Any CPU.Build.0 = Debug|Any CPU
		{48D60685-46A0-4859-9B70-702D6EB02433}.Release|Any CPU.ActiveCfg = Release|Any CPU
		{48D60685-46A0-4859-9B70-702D6EB02433}.Release|Any CPU.Build.0 = Release|Any CPU
	EndGlobalSection
	GlobalSection(SolutionProperties) = preSolution
		HideSolutionNode = FALSE
	EndGlobalSection
	GlobalSection(ExtensibilityGlobals) = postSolution
		SolutionGuid = {8CBE31AA-F476-4962-B54B-514B5F548080}
	EndGlobalSection
EndGlobal
